
Microsoft Visual Studio Solution File, Format Version 12.00
# Visual Studio Version 17
VisualStudioVersion = 17.14.36202.13
MinimumVisualStudioVersion = 10.0.40219.1
Project("{FAE04EC0-301F-11D3-BF4B-00C04F79EFBC}") = "MudAnalizaFI", "MudAnalizaFI\MudAnalizaFI\MudAnalizaFI.csproj", "{A2C4EBED-144D-425B-A653-A11FDAC79AF3}"
EndProject
Project("{FAE04EC0-301F-11D3-BF4B-00C04F79EFBC}") = "MudAnalizaFI.Client", "MudAnalizaFI\MudAnalizaFI.Client\MudAnalizaFI.Client.csproj", "{BC8B835C-1AF0-4B67-BE5C-24C0C3AF25F8}"
EndProject
Project("{FAE04EC0-301F-11D3-BF4B-00C04F79EFBC}") = "Shared", "Shared\Shared.csproj", "{AC8D4D97-4B17-4F2D-9314-9EA0F15690C8}"
EndProject
Global
	GlobalSection(SolutionConfigurationPlatforms) = preSolution
		Debug|Any CPU = Debug|Any CPU
		Release|Any CPU = Release|Any CPU
	EndGlobalSection
	GlobalSection(ProjectConfigurationPlatforms) = postSolution
		{A2C4EBED-144D-425B-A653-A11FDAC79AF3}.Debug|Any CPU.ActiveCfg = Debug|Any CPU
		{A2C4EBED-144D-425B-A653-A11FDAC79AF3}.Debug|Any CPU.Build.0 = Debug|Any CPU
		{A2C4EBED-144D-425B-A653-A11FDAC79AF3}.Release|Any CPU.ActiveCfg = Release|Any CPU
		{A2C4EBED-144D-425B-A653-A11FDAC79AF3}.Release|Any CPU.Build.0 = Release|Any CPU
		{BC8B835C-1AF0-4B67-BE5C-24C0C3AF25F8}.Debug|Any CPU.ActiveCfg = Debug|Any CPU
		{BC8B835C-1AF0-4B67-BE5C-24C0C3AF25F8}.Debug|Any CPU.Build.0 = Debug|Any CPU
		{BC8B835C-1AF0-4B67-BE5C-24C0C3AF25F8}.Release|Any CPU.ActiveCfg = Release|Any CPU
		{BC8B835C-1AF0-4B67-BE5C-24C0C3AF25F8}.Release|Any CPU.Build.0 = Release|Any CPU
		{AC8D4D97-4B17-4F2D-9314-9EA0F15690C8}.Debug|Any CPU.ActiveCfg = Debug|Any CPU
		{AC8D4D97-4B17-4F2D-9314-9EA0F15690C8}.Debug|Any CPU.Build.0 = Debug|Any CPU
		{AC8D4D97-4B17-4F2D-9314-9EA0F15690C8}.Release|Any CPU.ActiveCfg = Release|Any CPU
		{AC8D4D97-4B17-4F2D-9314-9EA0F15690C8}.Release|Any CPU.Build.0 = Release|Any CPU
	EndGlobalSection
	GlobalSection(SolutionProperties) = preSolution
		HideSolutionNode = FALSE
	EndGlobalSection
	GlobalSection(ExtensibilityGlobals) = postSolution
		SolutionGuid = {7F8F4187-3215-4A80-A3D1-1E2F7D54A5EF}
	EndGlobalSection
EndGlobal
